{
  "version": 4,
  "terraform_version": "1.11.4",
  "serial": 5,
  "lineage": "49ce3fc0-f164-54db-4251-3a66ddae1040",
  "outputs": {
    "instance_ip": {
      "value": "104.154.76.51",
      "type": "string"
    }
  },
  "resources": [
    {
      "mode": "managed",
      "type": "google_compute_instance",
      "name": "vm_instance",
      "provider": "provider[\"registry.terraform.io/hashicorp/google\"]",
      "instances": [
        {
          "schema_version": 6,
          "attributes": {
            "advanced_machine_features": [],
            "allow_stopping_for_update": null,
            "attached_disk": [],
            "boot_disk": [
              {
                "auto_delete": true,
                "device_name": "persistent-disk-0",
                "disk_encryption_key_raw": "",
                "disk_encryption_key_rsa": "",
                "disk_encryption_key_sha256": "",
                "disk_encryption_service_account": "",
                "guest_os_features": [
                  "UEFI_COMPATIBLE",
                  "VIRTIO_SCSI_MULTIQUEUE",
                  "GVNIC"
                ],
                "initialize_params": [
                  {
                    "architecture": "X86_64",
                    "enable_confidential_compute": false,
                    "image": "https://www.googleapis.com/compute/v1/projects/debian-cloud/global/images/debian-11-bullseye-v20250415",
                    "labels": {},
                    "provisioned_iops": 0,
                    "provisioned_throughput": 0,
                    "resource_manager_tags": {},
                    "resource_policies": [],
                    "size": 10,
                    "snapshot": "",
                    "source_image_encryption_key": [],
                    "source_snapshot_encryption_key": [],
                    "storage_pool": "",
                    "type": "pd-standard"
                  }
                ],
                "interface": "",
                "kms_key_self_link": "",
                "mode": "READ_WRITE",
                "source": "https://www.googleapis.com/compute/v1/projects/atomic-airship-457603-f7/zones/us-central1-a/disks/terraform-gce-vm"
              }
            ],
            "can_ip_forward": false,
            "confidential_instance_config": [],
            "cpu_platform": "Intel Broadwell",
            "creation_timestamp": "2025-04-25T00:04:28.142-07:00",
            "current_status": "RUNNING",
            "deletion_protection": false,
            "description": "",
            "desired_status": null,
            "effective_labels": {
              "goog-terraform-provisioned": "true"
            },
            "enable_display": false,
            "guest_accelerator": [],
            "hostname": "",
            "id": "projects/atomic-airship-457603-f7/zones/us-central1-a/instances/terraform-gce-vm",
            "instance_encryption_key": [],
            "instance_id": "2975929352940064020",
            "key_revocation_action_type": "",
            "label_fingerprint": "vezUS-42LLM=",
            "labels": {},
            "machine_type": "e2-medium",
            "metadata": {
              "ssh-keys": "gce_user:ssh-rsa AAAAB3NzaC1yc2EAAAADAQABAAACAQDnhzX37+5lI3L9na8tnKSpTej3bOXwTEXcwae3ABLYtIPBhZ7JUunnBBGHm4OVXchmk2mtm8j183pnR/ice3Hl8SOWJLwYiIUErSFdh/tuKEKYriM0CfKX8f3danmiaaYDeC5wXW2fihNo80vXM3cuktFtz2qPHudIqmAZcTNP5JojH7Sc0KYkFmhwmagInYHkkWQPL0LElyQcLblCOFHz+wZsjvCWoeJTB78A9HShhiMfof858N8jC2elzmc51u/+E2aJdKySILjSuxoLN8iiOaLC5oCE8A6/ZIaq5rXYff6bGbSzwpHxJloaLTcYaJ+7LlFZotviAtY7AycgO0gQqkZvJkgJiCEpDZ56ooC8VYU84+mucmnKeHZUUKnx1fJqrPYAXAOrwfdYjfwk7+XMFi8fV7WjOsS0zG36yxUhtzo0eNVLI3pKhlsZRwuFRKNZa1sohbMsEj80zgKLkBXq5LLJUyQ2PaFHeCQ+/jTyglflzP+XmdpJbl/1wcbXL6eMPbt+buf6jG+igNBiNXnAl6ddr9jcbPMeaPXQW0pD1Ep0ncwRHXR40qplbqPQQ94j5ThoxXiZk8WHZ8ZiaJoHOdfwvZO4Uru8JnH4n1sNQH2PnZl8wZnjq7yvkbUHCqmOLMLuKmXhcdeB/zePIiab+Xr0TsSGaJ/zCmTz0f0e0w== gce_user\n"
            },
            "metadata_fingerprint": "t0l30A3YmvA=",
            "metadata_startup_script": null,
            "min_cpu_platform": "",
            "name": "terraform-gce-vm",
            "network_interface": [
              {
                "access_config": [
                  {
                    "nat_ip": "104.154.76.51",
                    "network_tier": "PREMIUM",
                    "public_ptr_domain_name": ""
                  }
                ],
                "alias_ip_range": [],
                "internal_ipv6_prefix_length": 0,
                "ipv6_access_config": [],
                "ipv6_access_type": "",
                "ipv6_address": "",
                "name": "nic0",
                "network": "https://www.googleapis.com/compute/v1/projects/atomic-airship-457603-f7/global/networks/default",
                "network_attachment": "",
                "network_ip": "10.128.0.4",
                "nic_type": "",
                "queue_count": 0,
                "stack_type": "IPV4_ONLY",
                "subnetwork": "https://www.googleapis.com/compute/v1/projects/atomic-airship-457603-f7/regions/us-central1/subnetworks/default",
                "subnetwork_project": "atomic-airship-457603-f7"
              }
            ],
            "network_performance_config": [],
            "params": [],
            "project": "atomic-airship-457603-f7",
            "reservation_affinity": [],
            "resource_policies": [],
            "scheduling": [
              {
                "automatic_restart": true,
                "availability_domain": 0,
                "instance_termination_action": "",
                "local_ssd_recovery_timeout": [],
                "max_run_duration": [],
                "min_node_cpus": 0,
                "node_affinities": [],
                "on_host_maintenance": "MIGRATE",
                "on_instance_stop_action": [],
                "preemptible": false,
                "provisioning_model": "STANDARD",
                "termination_time": ""
              }
            ],
            "scratch_disk": [],
            "self_link": "https://www.googleapis.com/compute/v1/projects/atomic-airship-457603-f7/zones/us-central1-a/instances/terraform-gce-vm",
            "service_account": [],
            "shielded_instance_config": [
              {
                "enable_integrity_monitoring": true,
                "enable_secure_boot": false,
                "enable_vtpm": true
              }
            ],
            "tags": [
              "web"
            ],
            "tags_fingerprint": "3d9fNIIa_10=",
            "terraform_labels": {
              "goog-terraform-provisioned": "true"
            },
            "timeouts": null,
            "zone": "us-central1-a"
          },
          "sensitive_attributes": [
            [
              {
                "type": "get_attr",
                "value": "boot_disk"
              },
              {
                "type": "index",
                "value": {
                  "value": 0,
                  "type": "number"
                }
              },
              {
                "type": "get_attr",
                "value": "disk_encryption_key_rsa"
              }
            ],
            [
              {
                "type": "get_attr",
                "value": "boot_disk"
              },
              {
                "type": "index",
                "value": {
                  "value": 0,
                  "type": "number"
                }
              },
              {
                "type": "get_attr",
                "value": "disk_encryption_key_raw"
              }
            ]
          ],
          "private": "eyJlMmJmYjczMC1lY2FhLTExZTYtOGY4OC0zNDM2M2JjN2M0YzAiOnsiY3JlYXRlIjoxMjAwMDAwMDAwMDAwLCJkZWxldGUiOjEyMDAwMDAwMDAwMDAsInVwZGF0ZSI6MTIwMDAwMDAwMDAwMH0sInNjaGVtYV92ZXJzaW9uIjoiNiJ9"
        }
      ]
    }
  ],
  "check_results": null
}
